{
  "requires": true,
  "lockfileVersion": 1,
  "dependencies": {
    "@babel/helper-string-parser": {
      "version": "7.22.5",
      "resolved": "https://registry.npmjs.org/@babel/helper-string-parser/-/helper-string-parser-7.22.5.tgz",
      "integrity": "sha512-mM4COjgZox8U+JcXQwPijIZLElkgEpO5rsERVDJTc2qfCDfERyob6k5WegS14SX18IIjv+XD+GrqNumY5JRCDw==",
      "dev": true
    },
    "@babel/helper-validator-identifier": {
      "version": "7.22.20",
      "resolved": "https://registry.npmjs.org/@babel/helper-validator-identifier/-/helper-validator-identifier-7.22.20.tgz",
      "integrity": "sha512-Y4OZ+ytlatR8AI+8KZfKuL5urKp7qey08ha31L8b3BwewJAoJamTzyvxPR/5D+KkdJCGPq/+8TukHBlY10FX9A==",
      "dev": true
    },
    "@babel/parser": {
      "version": "7.23.0",
      "resolved": "https://registry.npmjs.org/@babel/parser/-/parser-7.23.0.tgz",
      "integrity": "sha512-vvPKKdMemU85V9WE/l5wZEmImpCtLqbnTvqDS2U1fJ96KrxoW7KrXhNsNCblQlg8Ck4b85yxdTyelsMUgFUXiw==",
      "dev": true
    },
    "@babel/types": {
      "version": "7.23.0",
      "resolved": "https://registry.npmjs.org/@babel/types/-/types-7.23.0.tgz",
      "integrity": "sha512-0oIyUfKoI3mSqMvsxBdclDwxXKXAUA8v/apZbc+iSyARYou1o8ZGDxbUYyLFoW2arqS2jDGqJuZvv1d/io1axg==",
      "dev": true,
      "requires": {
        "@babel/helper-string-parser": "^7.22.5",
        "@babel/helper-validator-identifier": "^7.22.20",
        "to-fast-properties": "^2.0.0"
      }
    },
    "@types/babel__code-frame": {
      "version": "7.0.5",
      "resolved": "https://registry.npmjs.org/@types/babel__code-frame/-/babel__code-frame-7.0.5.tgz",
      "integrity": "sha512-tE88HnYMl5iJAB1V9nJCrE1udmwGCoNvx2ayTa8nwkE3UMMRRljANO+sX8D321hIrqf1DlvhAPAo5G6DWaMQNg==",
      "dev": true
    },
    "@types/babel__core": {
      "version": "7.20.3",
      "resolved": "https://registry.npmjs.org/@types/babel__core/-/babel__core-7.20.3.tgz",
      "integrity": "sha512-54fjTSeSHwfan8AyHWrKbfBWiEUrNTZsUwPTDSNaaP1QDQIZbeNUg3a59E9D+375MzUw/x1vx2/0F5LBz+AeYA==",
      "dev": true,
      "requires": {
        "@babel/parser": "^7.20.7",
        "@babel/types": "^7.20.7",
        "@types/babel__generator": "*",
        "@types/babel__template": "*",
        "@types/babel__traverse": "*"
      }
    },
    "@types/babel__generator": {
      "version": "7.6.6",
      "resolved": "https://registry.npmjs.org/@types/babel__generator/-/babel__generator-7.6.6.tgz",
      "integrity": "sha512-66BXMKb/sUWbMdBNdMvajU7i/44RkrA3z/Yt1c7R5xejt8qh84iU54yUWCtm0QwGJlDcf/gg4zd/x4mpLAlb/w==",
      "dev": true,
      "requires": {
        "@babel/types": "^7.0.0"
      }
    },
    "@types/babel__template": {
      "version": "7.4.3",
      "resolved": "https://registry.npmjs.org/@types/babel__template/-/babel__template-7.4.3.tgz",
      "integrity": "sha512-ciwyCLeuRfxboZ4isgdNZi/tkt06m8Tw6uGbBSBgWrnnZGNXiEyM27xc/PjXGQLqlZ6ylbgHMnm7ccF9tCkOeQ==",
      "dev": true,
      "requires": {
        "@babel/parser": "^7.1.0",
        "@babel/types": "^7.0.0"
      }
    },
    "@types/babel__traverse": {
      "version": "7.20.3",
      "resolved": "https://registry.npmjs.org/@types/babel__traverse/-/babel__traverse-7.20.3.tgz",
      "integrity": "sha512-Lsh766rGEFbaxMIDH7Qa+Yha8cMVI3qAK6CHt3OR0YfxOIn5Z54iHiyDRycHrBqeIiqGa20Kpsv1cavfBKkRSw==",
      "dev": true,
      "requires": {
        "@babel/types": "^7.20.7"
      }
    },
    "@types/d3": {
      "version": "7.4.2",
      "resolved": "https://registry.npmjs.org/@types/d3/-/d3-7.4.2.tgz",
      "integrity": "sha512-Y4g2Yb30ZJmmtqAJTqMRaqXwRawfvpdpVmyEYEcyGNhrQI/Zvkq3k7yE1tdN07aFSmNBfvmegMQ9Fe2qy9ZMhw==",
      "dev": true,
      "requires": {
        "@types/d3-array": "*",
        "@types/d3-axis": "*",
        "@types/d3-brush": "*",
        "@types/d3-chord": "*",
        "@types/d3-color": "*",
        "@types/d3-contour": "*",
        "@types/d3-delaunay": "*",
        "@types/d3-dispatch": "*",
        "@types/d3-drag": "*",
        "@types/d3-dsv": "*",
        "@types/d3-ease": "*",
        "@types/d3-fetch": "*",
        "@types/d3-force": "*",
        "@types/d3-format": "*",
        "@types/d3-geo": "*",
        "@types/d3-hierarchy": "*",
        "@types/d3-interpolate": "*",
        "@types/d3-path": "*",
        "@types/d3-polygon": "*",
        "@types/d3-quadtree": "*",
        "@types/d3-random": "*",
        "@types/d3-scale": "*",
        "@types/d3-scale-chromatic": "*",
        "@types/d3-selection": "*",
        "@types/d3-shape": "*",
        "@types/d3-time": "*",
        "@types/d3-time-format": "*",
        "@types/d3-timer": "*",
        "@types/d3-transition": "*",
        "@types/d3-zoom": "*"
      }
    },
    "@types/d3-array": {
      "version": "3.2.0",
      "resolved": "https://registry.npmjs.org/@types/d3-array/-/d3-array-3.2.0.tgz",
      "integrity": "sha512-tjU8juPSfhMnu6mJZPOCVVGba4rZoE0tjHDPb81PYwA8CzbaFscGjgkUM7juUJu6iWA1cCVWNEVwxZ5HN9Jj8Q==",
      "dev": true
    },
    "@types/d3-axis": {
      "version": "3.0.5",
      "resolved": "https://registry.npmjs.org/@types/d3-axis/-/d3-axis-3.0.5.tgz",
      "integrity": "sha512-ufDAV3SQzju+uB3Jlty7SUb/jMigjpIlvDDcSGvGmmO6OT/sNO93UE0dRzwWOZeBLzrLSA0CQM4bf3iq1std3A==",
      "dev": true,
      "requires": {
        "@types/d3-selection": "*"
      }
    },
    "@types/d3-brush": {
      "version": "3.0.5",
      "resolved": "https://registry.npmjs.org/@types/d3-brush/-/d3-brush-3.0.5.tgz",
      "integrity": "sha512-JROQXZNq1X6QdWstESDUv1VilwZ2hBCQnWB91yal+5yZvYwGQvYsGCjrkHGfKK/8/AcX1JnERmpQzdDDuLRUsA==",
      "dev": true,
      "requires": {
        "@types/d3-selection": "*"
      }
    },
    "@types/d3-chord": {
      "version": "3.0.5",
      "resolved": "https://registry.npmjs.org/@types/d3-chord/-/d3-chord-3.0.5.tgz",
      "integrity": "sha512-rs26AIhJjtc+XLR4YQU8IjPTLOlDVO4PR1y+pVFYEHzKh2tE5tYz3MF4QV6iz7HboXQEaYpJQt8dH9uUkne8yA==",
      "dev": true
    },
    "@types/d3-color": {
      "version": "3.1.2",
      "resolved": "https://registry.npmjs.org/@types/d3-color/-/d3-color-3.1.2.tgz",
      "integrity": "sha512-At+Ski7dL8Bs58E8g8vPcFJc8tGcaC12Z4m07+p41+DRqnZQcAlp3NfYjLrhNYv+zEyQitU1CUxXNjqUyf+c0g==",
      "dev": true
    },
    "@types/d3-contour": {
      "version": "3.0.5",
      "resolved": "https://registry.npmjs.org/@types/d3-contour/-/d3-contour-3.0.5.tgz",
      "integrity": "sha512-wLvjwdOQVd1NL1IcW90CCt1VtpeZ3V20p/OTXlkT8uAiprrJnq2PNNnRNe1QCez4U9aMU29Z14zpJQVLW1+Lcg==",
      "dev": true,
      "requires": {
        "@types/d3-array": "*",
        "@types/geojson": "*"
      }
    },
    "@types/d3-delaunay": {
      "version": "6.0.3",
      "resolved": "https://registry.npmjs.org/@types/d3-delaunay/-/d3-delaunay-6.0.3.tgz",
      "integrity": "sha512-+Lf5NPKZ4JBC9tbudVkKceQXRxU3jJs0el9aKQvinMtdnFSOG84eVXyhCNgIFuXNQO3iIcYs7sgzN359FEOZnQ==",
      "dev": true
    },
    "@types/d3-dispatch": {
      "version": "3.0.5",
      "resolved": "https://registry.npmjs.org/@types/d3-dispatch/-/d3-dispatch-3.0.5.tgz",
      "integrity": "sha512-hxvq2kc+9hydVppo21JCGfcM0tLTh1DXnG3MLN0KlxsNZJH4bsdl1iXDuWtXFpWWlBrCMwSqlnoLPDxNAZU3Bg==",
      "dev": true
    },
    "@types/d3-drag": {
      "version": "3.0.5",
      "resolved": "https://registry.npmjs.org/@types/d3-drag/-/d3-drag-3.0.5.tgz",
      "integrity": "sha512-arHyAGvO0NEGGPCU2jTb31TlXeSxwty1bIxr5wOFOCVqVjgriXloLWXoRp39Oa0Y/qXxcAVMIonAWLrtLxUZAQ==",
      "dev": true,
      "requires": {
        "@types/d3-selection": "*"
      }
    },
    "@types/d3-dsv": {
      "version": "3.0.5",
      "resolved": "https://registry.npmjs.org/@types/d3-dsv/-/d3-dsv-3.0.5.tgz",
      "integrity": "sha512-73WZR3QFOaSRVz9iOrebTbTnbo7xjcgS/i0Cq5zy0jMXPO3v/JbkTD3Zqii1eYE6v4EJ78g5VP407rm+p8fdlA==",
      "dev": true
    },
    "@types/d3-ease": {
      "version": "3.0.1",
      "resolved": "https://registry.npmjs.org/@types/d3-ease/-/d3-ease-3.0.1.tgz",
      "integrity": "sha512-VZofjpEt8HWv3nxUAosj5o/+4JflnJ7Bbv07k17VO3T2WRuzGdZeookfaF60iVh5RdhVG49LE5w6LIshVUC6rg==",
      "dev": true
    },
    "@types/d3-fetch": {
      "version": "3.0.5",
      "resolved": "https://registry.npmjs.org/@types/d3-fetch/-/d3-fetch-3.0.5.tgz",
      "integrity": "sha512-Rc8pb6H0RRLpAV2hEXduykUgcDUOhjSLTLmCIeo6ejzgs4SaITh/EteMb3p5Env3Hqjsqw0fCksyqopHHzMkMg==",
      "dev": true,
      "requires": {
        "@types/d3-dsv": "*"
      }
    },
    "@types/d3-force": {
      "version": "3.0.7",
      "resolved": "https://registry.npmjs.org/@types/d3-force/-/d3-force-3.0.7.tgz",
      "integrity": "sha512-rsok4CEvPLyVWRPsFiBhanJc3up03H/EARVz4d8soPh8drv82YMuAckYy4yv8g4/81JwCng5U5/o9aj9d0T6bQ==",
      "dev": true
    },
    "@types/d3-format": {
      "version": "3.0.3",
      "resolved": "https://registry.npmjs.org/@types/d3-format/-/d3-format-3.0.3.tgz",
      "integrity": "sha512-kxuLXSAEJykTeL/EI3tUiEfGqru7PRdqEy099YBnqFl+fF167UVSB4+wntlZv86ZdoYf0DHjsRHnTIm8kcH7qw==",
      "dev": true
    },
    "@types/d3-geo": {
      "version": "3.0.6",
      "resolved": "https://registry.npmjs.org/@types/d3-geo/-/d3-geo-3.0.6.tgz",
      "integrity": "sha512-wblAES3b+C3hvp4VakwECEKtHquT/xc6K4HOna95LM1j1fd7s7WmU4V+JMQZfKhNCMkV2vWD+ZUgY2Uj6gqfuA==",
      "dev": true,
      "requires": {
        "@types/geojson": "*"
      }
    },
    "@types/d3-hierarchy": {
      "version": "3.1.5",
      "resolved": "https://registry.npmjs.org/@types/d3-hierarchy/-/d3-hierarchy-3.1.5.tgz",
      "integrity": "sha512-DEcBUj1IL3WyPLDlh4m2nsNXnMLITXM5Vwcu4G85yJHtf2cVGPBjgky3L11WBnT+ayHKf06Tchk5mY1eGmd4WQ==",
      "dev": true
    },
    "@types/d3-interpolate": {
      "version": "3.0.3",
      "resolved": "https://registry.npmjs.org/@types/d3-interpolate/-/d3-interpolate-3.0.3.tgz",
      "integrity": "sha512-6OZ2EIB4lLj+8cUY7I/Cgn9Q+hLdA4DjJHYOQDiHL0SzqS1K9DL5xIOVBSIHgF+tiuO9MU1D36qvdIvRDRPh+Q==",
      "dev": true,
      "requires": {
        "@types/d3-color": "*"
      }
    },
    "@types/d3-path": {
      "version": "3.0.1",
      "resolved": "https://registry.npmjs.org/@types/d3-path/-/d3-path-3.0.1.tgz",
      "integrity": "sha512-blRhp7ki7pVznM8k6lk5iUU9paDbVRVq+/xpf0RRgSJn5gr6SE7RcFtxooYGMBOc1RZiGyqRpVdu5AD0z0ooMA==",
      "dev": true
    },
    "@types/d3-polygon": {
      "version": "3.0.1",
      "resolved": "https://registry.npmjs.org/@types/d3-polygon/-/d3-polygon-3.0.1.tgz",
      "integrity": "sha512-nrcWPk7B9qs6xnpq60Cls44zm9eDmFAv65qi/N/emh/oftnG6uYz49aIS0mdFaGeJxVN8H3pHneMuZMV8EwFdw==",
      "dev": true
    },
    "@types/d3-quadtree": {
      "version": "3.0.4",
      "resolved": "https://registry.npmjs.org/@types/d3-quadtree/-/d3-quadtree-3.0.4.tgz",
      "integrity": "sha512-B725MopFDIOQ6njFbeOxIEf42HVO2Xv+FmcxQISdOKErvLbFqWz3Riu+OWujUYoogreqqyHBHcGGL/JzzXQYsw==",
      "dev": true
    },
    "@types/d3-random": {
      "version": "3.0.2",
      "resolved": "https://registry.npmjs.org/@types/d3-random/-/d3-random-3.0.2.tgz",
      "integrity": "sha512-8QhsqkKs6mymAZMrg3ZFXPxKA34rdgp3ZrtB8o6mhFsKAd1gOvR1gocWnca+kmXypQdwgnzKm9gZE2Uw8NjjKw==",
      "dev": true
    },
    "@types/d3-scale": {
      "version": "4.0.6",
      "resolved": "https://registry.npmjs.org/@types/d3-scale/-/d3-scale-4.0.6.tgz",
      "integrity": "sha512-lo3oMLSiqsQUovv8j15X4BNEDOsnHuGjeVg7GRbAuB2PUa1prK5BNSOu6xixgNf3nqxPl4I1BqJWrPvFGlQoGQ==",
      "dev": true,
      "requires": {
        "@types/d3-time": "*"
      }
    },
    "@types/d3-scale-chromatic": {
      "version": "3.0.1",
      "resolved": "https://registry.npmjs.org/@types/d3-scale-chromatic/-/d3-scale-chromatic-3.0.1.tgz",
      "integrity": "sha512-Ob7OrwiTeQXY/WBBbRHGZBOn6rH1h7y3jjpTSKYqDEeqFjktql6k2XSgNwLrLDmAsXhEn8P9NHDY4VTuo0ZY1w==",
      "dev": true
    },
    "@types/d3-selection": {
      "version": "3.0.8",
      "resolved": "https://registry.npmjs.org/@types/d3-selection/-/d3-selection-3.0.8.tgz",
      "integrity": "sha512-pxCZUfQyedq/DIlPXIR5wE1mIH37omOdx1yxRudL3KZ4AC+156jMjOv1z5RVlGq62f8WX2kyO0hTVgEx627QFg==",
      "dev": true
    },
    "@types/d3-shape": {
      "version": "3.1.4",
      "resolved": "https://registry.npmjs.org/@types/d3-shape/-/d3-shape-3.1.4.tgz",
      "integrity": "sha512-M2/xsWPsjaZc5ifMKp1EBp0gqJG0eO/zlldJNOC85Y/5DGsBQ49gDkRJ2h5GY7ZVD6KUumvZWsylSbvTaJTqKg==",
      "dev": true,
      "requires": {
        "@types/d3-path": "*"
      }
    },
    "@types/d3-time": {
      "version": "3.0.2",
      "resolved": "https://registry.npmjs.org/@types/d3-time/-/d3-time-3.0.2.tgz",
      "integrity": "sha512-kbdRXTmUgNfw5OTE3KZnFQn6XdIc4QGroN5UixgdrXATmYsdlPQS6pEut9tVlIojtzuFD4txs/L+Rq41AHtLpg==",
      "dev": true
    },
    "@types/d3-time-format": {
      "version": "4.0.2",
      "resolved": "https://registry.npmjs.org/@types/d3-time-format/-/d3-time-format-4.0.2.tgz",
      "integrity": "sha512-wr08C1Gh77qaN8JIkrn5Rz/bdt5M9bdEqFmEOcYhUSq2t2sHvLTBfb4XAtGB3D4hm0ubj50NXWWXoXyp5tPXDg==",
      "dev": true
    },
    "@types/d3-timer": {
      "version": "3.0.1",
      "resolved": "https://registry.npmjs.org/@types/d3-timer/-/d3-timer-3.0.1.tgz",
      "integrity": "sha512-GGTvzKccVEhxmRfJEB6zhY9ieT4UhGVUIQaBzFpUO9OXy2ycAlnPCSJLzmGGgqt3KVjqN3QCQB4g1rsZnHsWhg==",
      "dev": true
    },
    "@types/d3-transition": {
      "version": "3.0.6",
      "resolved": "https://registry.npmjs.org/@types/d3-transition/-/d3-transition-3.0.6.tgz",
      "integrity": "sha512-K0To23B5UxNwFtKORnS5JoNYvw/DnknU5MzhHIS9czJ/lTqFFDeU6w9lArOdoTl0cZFNdNrMJSFCbRCEHccH2w==",
      "dev": true,
      "requires": {
        "@types/d3-selection": "*"
      }
    },
    "@types/d3-zoom": {
      "version": "3.0.6",
      "resolved": "https://registry.npmjs.org/@types/d3-zoom/-/d3-zoom-3.0.6.tgz",
      "integrity": "sha512-dGZQaXEu7aNcCL71LPpjB58IjoQNM9oDPfQuMUJ7N/fbkcIWGX2PnmUWO1jPJ+RLbZBpRUggJUX8twKRvo2hKQ==",
      "dev": true,
      "requires": {
        "@types/d3-interpolate": "*",
        "@types/d3-selection": "*"
      }
    },
    "@types/gensync": {
      "version": "1.0.2",
      "resolved": "https://registry.npmjs.org/@types/gensync/-/gensync-1.0.2.tgz",
      "integrity": "sha512-6FzAxO+odMlJm7ZZAdafsaluzH4pXCkj/rukH3whoJeaWQJILJ6i4Pn6fRuUDWIMu8MYOK7+Gn86jwr/8yGOhg==",
      "dev": true
    },
    "@types/geojson": {
      "version": "7946.0.12",
      "resolved": "https://registry.npmjs.org/@types/geojson/-/geojson-7946.0.12.tgz",
      "integrity": "sha512-uK2z1ZHJyC0nQRbuovXFt4mzXDwf27vQeUWNhfKGwRcWW429GOhP8HxUHlM6TLH4bzmlv/HlEjpvJh3JfmGsAA==",
      "dev": true
    },
    "@types/node": {
      "version": "20.8.10",
      "resolved": "https://registry.npmjs.org/@types/node/-/node-20.8.10.tgz",
      "integrity": "sha512-TlgT8JntpcbmKUFzjhsyhGfP2fsiz1Mv56im6enJ905xG1DAYesxJaeSbGqQmAw8OWPdhyJGhGSQGKRNJ45u9w==",
      "dev": true,
      "requires": {
        "undici-types": "~5.26.4"
      }
    },
    "@types/prop-types": {
      "version": "15.7.9",
      "resolved": "https://registry.npmjs.org/@types/prop-types/-/prop-types-15.7.9.tgz",
      "integrity": "sha512-n1yyPsugYNSmHgxDFjicaI2+gCNjsBck8UX9kuofAKlc0h1bL+20oSF72KeNaW2DUlesbEVCFgyV2dPGTiY42g==",
      "dev": true
    },
    "@types/react": {
      "version": "18.2.34",
      "resolved": "https://registry.npmjs.org/@types/react/-/react-18.2.34.tgz",
      "integrity": "sha512-U6eW/alrRk37FU/MS2RYMjx0Va2JGIVXELTODaTIYgvWGCV4Y4TfTUzG8DdmpDNIT0Xpj/R7GfyHOJJrDttcvg==",
      "dev": true,
      "requires": {
        "@types/prop-types": "*",
        "@types/scheduler": "*",
        "csstype": "^3.0.2"
      }
    },
    "@types/react-dom": {
      "version": "18.2.14",
      "resolved": "https://registry.npmjs.org/@types/react-dom/-/react-dom-18.2.14.tgz",
      "integrity": "sha512-V835xgdSVmyQmI1KLV2BEIUgqEuinxp9O4G6g3FqO/SqLac049E53aysv0oEFD2kHfejeKU+ZqL2bcFWj9gLAQ==",
      "dev": true,
      "requires": {
        "@types/react": "*"
      }
    },
    "@types/scheduler": {
      "version": "0.16.5",
      "resolved": "https://registry.npmjs.org/@types/scheduler/-/scheduler-0.16.5.tgz",
      "integrity": "sha512-s/FPdYRmZR8SjLWGMCuax7r3qCWQw9QKHzXVukAuuIJkXkDRwp+Pu5LMIVFi0Fxbav35WURicYr8u1QsoybnQw==",
      "dev": true
    },
    "@types/semver": {
      "version": "7.5.4",
      "resolved": "https://registry.npmjs.org/@types/semver/-/semver-7.5.4.tgz",
      "integrity": "sha512-MMzuxN3GdFwskAnb6fz0orFvhfqi752yjaXylr0Rp4oDg5H0Zn1IuyRhDVvYOwAXoJirx2xuS16I3WjxnAIHiQ==",
      "dev": true
    },
    "csstype": {
      "version": "3.1.2",
      "resolved": "https://registry.npmjs.org/csstype/-/csstype-3.1.2.tgz",
      "integrity": "sha512-I7K1Uu0MBPzaFKg4nI5Q7Vs2t+3gWWW648spaF+Rg7pI9ds18Ugn+lvg4SHczUdKlHI5LWBXyqfS8+DufyBsgQ==",
      "dev": true
    },
    "to-fast-properties": {
      "version": "2.0.0",
      "resolved": "https://registry.npmjs.org/to-fast-properties/-/to-fast-properties-2.0.0.tgz",
      "integrity": "sha512-/OaKK0xYrs3DmxRYqL/yDc+FxFUVYhDlXMhRmv3z915w2HF1tnN1omB354j8VUGO/hbRzyD6Y3sA7v7GS/ceog==",
      "dev": true
    },
    "types-registry": {
      "version": "0.1.669",
      "resolved": "https://registry.npmjs.org/types-registry/-/types-registry-0.1.669.tgz",
      "integrity": "sha512-4WUKdllExuW7O31xehiLqG/orxdKMHyZSLQAqj4EZevvxNZBhIJ7D9ggkr4daT+rLXdDdAsh3dDrq7AypcifkQ=="
    },
    "undici-types": {
      "version": "5.26.5",
      "resolved": "https://registry.npmjs.org/undici-types/-/undici-types-5.26.5.tgz",
      "integrity": "sha512-JlCMO+ehdEIKqlFxk6IfVoAUVmgz7cU7zD/h9XZ0qzeosSHmUJVOzSQvvYSYWXkFXC+IfLKSIffhv0sVZup6pA==",
      "dev": true
    }
  }
}
